
Microsoft Visual Studio Solution File, Format Version 12.00
# Visual Studio 15
VisualStudioVersion = 15.0.28010.2048
MinimumVisualStudioVersion = 10.0.40219.1
Project("{FAE04EC0-301F-11D3-BF4B-00C04F79EFBC}") = "1411_01", "1411_01\1411_01.csproj", "{4A41D30B-D621-4955-A6EE-09AD4B8D088F}"
EndProject
Project("{FAE04EC0-301F-11D3-BF4B-00C04F79EFBC}") = "hw0711_04", "..\hw0711_04\hw0711_04\hw0711_04.csproj", "{4746E1B2-01BE-419F-A0E0-321A233D2787}"
EndProject
Global
	GlobalSection(SolutionConfigurationPlatforms) = preSolution
		Debug|Any CPU = Debug|Any CPU
		Release|Any CPU = Release|Any CPU
	EndGlobalSection
	GlobalSection(ProjectConfigurationPlatforms) = postSolution
		{4A41D30B-D621-4955-A6EE-09AD4B8D088F}.Debug|Any CPU.ActiveCfg = Debug|Any CPU
		{4A41D30B-D621-4955-A6EE-09AD4B8D088F}.Debug|Any CPU.Build.0 = Debug|Any CPU
		{4A41D30B-D621-4955-A6EE-09AD4B8D088F}.Release|Any CPU.ActiveCfg = Release|Any CPU
		{4A41D30B-D621-4955-A6EE-09AD4B8D088F}.Release|Any CPU.Build.0 = Release|Any CPU
		{4746E1B2-01BE-419F-A0E0-321A233D2787}.Debug|Any CPU.ActiveCfg = Debug|Any CPU
		{4746E1B2-01BE-419F-A0E0-321A233D2787}.Debug|Any CPU.Build.0 = Debug|Any CPU
		{4746E1B2-01BE-419F-A0E0-321A233D2787}.Release|Any CPU.ActiveCfg = Release|Any CPU
		{4746E1B2-01BE-419F-A0E0-321A233D2787}.Release|Any CPU.Build.0 = Release|Any CPU
	EndGlobalSection
	GlobalSection(SolutionProperties) = preSolution
		HideSolutionNode = FALSE
	EndGlobalSection
	GlobalSection(ExtensibilityGlobals) = postSolution
		SolutionGuid = {ABA8F5CC-E53B-4C11-BF19-51EFE0C5EDEF}
	EndGlobalSection
EndGlobal
